
Microsoft Visual Studio Solution File, Format Version 10.00
# Visual Studio 2008
Project("{FAE04EC0-301F-11D3-BF4B-00C04F79EFBC}") = "Hello World", "Hello World\Hello World.csproj", "{C7868204-FD26-4EA7-9E46-0AB084C364DD}"
EndProject
Global
	GlobalSection(SolutionConfigurationPlatforms) = preSolution
		Debug|Any CPU = Debug|Any CPU
		Release|Any CPU = Release|Any CPU
	EndGlobalSection
	GlobalSection(ProjectConfigurationPlatforms) = postSolution
		{C7868204-FD26-4EA7-9E46-0AB084C364DD}.Debug|Any CPU.ActiveCfg = Debug|Any CPU
		{C7868204-FD26-4EA7-9E46-0AB084C364DD}.Debug|Any CPU.Build.0 = Debug|Any CPU
		{C7868204-FD26-4EA7-9E46-0AB084C364DD}.Release|Any CPU.ActiveCfg = Release|Any CPU
		{C7868204-FD26-4EA7-9E46-0AB084C364DD}.Release|Any CPU.Build.0 = Release|Any CPU
	EndGlobalSection
	GlobalSection(SolutionProperties) = preSolution
		HideSolutionNode = FALSE
	EndGlobalSection
EndGlobal
